{
  "name": "twrpme",
  "version": "1.0.0",
  "dependencies": {
    "ansi-regex": {
      "version": "2.0.0",
      "from": "ansi-regex@>=2.0.0 <3.0.0",
      "resolved": "https://registry.npmjs.org/ansi-regex/-/ansi-regex-2.0.0.tgz"
    },
    "ansi-styles": {
      "version": "2.2.1",
      "from": "ansi-styles@>=2.2.1 <3.0.0",
      "resolved": "https://registry.npmjs.org/ansi-styles/-/ansi-styles-2.2.1.tgz"
    },
    "ansicolors": {
      "version": "0.2.1",
      "from": "ansicolors@>=0.2.1 <0.3.0",
      "resolved": "https://registry.npmjs.org/ansicolors/-/ansicolors-0.2.1.tgz"
    },
    "arr-diff": {
      "version": "2.0.0",
      "from": "arr-diff@>=2.0.0 <3.0.0",
      "resolved": "https://registry.npmjs.org/arr-diff/-/arr-diff-2.0.0.tgz"
    },
    "arr-flatten": {
      "version": "1.0.1",
      "from": "arr-flatten@>=1.0.1 <2.0.0",
      "resolved": "https://registry.npmjs.org/arr-flatten/-/arr-flatten-1.0.1.tgz"
    },
    "array-unique": {
      "version": "0.2.1",
      "from": "array-unique@>=0.2.1 <0.3.0",
      "resolved": "https://registry.npmjs.org/array-unique/-/array-unique-0.2.1.tgz"
    },
    "balanced-match": {
      "version": "0.4.2",
      "from": "balanced-match@>=0.4.1 <0.5.0",
      "resolved": "https://registry.npmjs.org/balanced-match/-/balanced-match-0.4.2.tgz"
    },
    "brace-expansion": {
      "version": "1.1.6",
      "from": "brace-expansion@>=1.0.0 <2.0.0",
      "resolved": "https://registry.npmjs.org/brace-expansion/-/brace-expansion-1.1.6.tgz"
    },
    "braces": {
      "version": "1.8.5",
      "from": "braces@>=1.8.2 <2.0.0",
      "resolved": "https://registry.npmjs.org/braces/-/braces-1.8.5.tgz"
    },
    "buffer-shims": {
      "version": "1.0.0",
      "from": "buffer-shims@>=1.0.0 <2.0.0",
      "resolved": "https://registry.npmjs.org/buffer-shims/-/buffer-shims-1.0.0.tgz"
    },
    "cardinal": {
      "version": "1.0.0",
      "from": "cardinal@>=1.0.0 <2.0.0",
      "resolved": "https://registry.npmjs.org/cardinal/-/cardinal-1.0.0.tgz"
    },
    "chalk": {
      "version": "1.1.3",
      "from": "chalk@>=1.1.3 <2.0.0",
      "resolved": "https://registry.npmjs.org/chalk/-/chalk-1.1.3.tgz"
    },
    "cli-table": {
      "version": "0.3.1",
      "from": "cli-table@>=0.3.1 <0.4.0",
      "resolved": "https://registry.npmjs.org/cli-table/-/cli-table-0.3.1.tgz"
    },
    "cli-usage": {
      "version": "0.1.4",
      "from": "cli-usage@>=0.1.1 <0.2.0",
      "resolved": "https://registry.npmjs.org/cli-usage/-/cli-usage-0.1.4.tgz"
    },
    "clone": {
      "version": "1.0.2",
      "from": "clone@>=1.0.0 <2.0.0",
      "resolved": "https://registry.npmjs.org/clone/-/clone-1.0.2.tgz"
    },
    "clone-stats": {
      "version": "0.0.1",
      "from": "clone-stats@>=0.0.1 <0.0.2",
      "resolved": "https://registry.npmjs.org/clone-stats/-/clone-stats-0.0.1.tgz"
    },
    "colors": {
      "version": "1.0.3",
      "from": "colors@1.0.3",
      "resolved": "https://registry.npmjs.org/colors/-/colors-1.0.3.tgz"
    },
    "concat-map": {
      "version": "0.0.1",
      "from": "concat-map@0.0.1",
      "resolved": "https://registry.npmjs.org/concat-map/-/concat-map-0.0.1.tgz"
    },
    "convert-source-map": {
      "version": "1.3.0",
      "from": "convert-source-map@>=1.1.1 <2.0.0",
      "resolved": "https://registry.npmjs.org/convert-source-map/-/convert-source-map-1.3.0.tgz"
    },
    "core-util-is": {
      "version": "1.0.2",
      "from": "core-util-is@>=1.0.0 <1.1.0",
      "resolved": "https://registry.npmjs.org/core-util-is/-/core-util-is-1.0.2.tgz"
    },
    "duplexify": {
      "version": "3.5.0",
      "from": "duplexify@>=3.2.0 <4.0.0",
      "resolved": "https://registry.npmjs.org/duplexify/-/duplexify-3.5.0.tgz"
    },
    "end-of-stream": {
      "version": "1.0.0",
      "from": "end-of-stream@1.0.0",
      "resolved": "https://registry.npmjs.org/end-of-stream/-/end-of-stream-1.0.0.tgz"
    },
    "escape-string-regexp": {
      "version": "1.0.5",
      "from": "escape-string-regexp@>=1.0.2 <2.0.0",
      "resolved": "https://registry.npmjs.org/escape-string-regexp/-/escape-string-regexp-1.0.5.tgz"
    },
    "esprima": {
      "version": "3.0.0",
      "from": "esprima@>=3.0.0 <3.1.0",
      "resolved": "https://registry.npmjs.org/esprima/-/esprima-3.0.0.tgz"
    },
    "expand-brackets": {
      "version": "0.1.5",
      "from": "expand-brackets@>=0.1.4 <0.2.0",
      "resolved": "https://registry.npmjs.org/expand-brackets/-/expand-brackets-0.1.5.tgz"
    },
    "expand-range": {
      "version": "1.8.2",
      "from": "expand-range@>=1.8.1 <2.0.0",
      "resolved": "https://registry.npmjs.org/expand-range/-/expand-range-1.8.2.tgz"
    },
    "extend": {
      "version": "3.0.0",
      "from": "extend@>=3.0.0 <4.0.0",
      "resolved": "https://registry.npmjs.org/extend/-/extend-3.0.0.tgz"
    },
    "extend-shallow": {
      "version": "2.0.1",
      "from": "extend-shallow@>=2.0.1 <3.0.0",
      "resolved": "https://registry.npmjs.org/extend-shallow/-/extend-shallow-2.0.1.tgz"
    },
    "extglob": {
      "version": "0.3.2",
      "from": "extglob@>=0.3.1 <0.4.0",
      "resolved": "https://registry.npmjs.org/extglob/-/extglob-0.3.2.tgz",
      "dependencies": {
        "is-extglob": {
          "version": "1.0.0",
          "from": "is-extglob@>=1.0.0 <2.0.0",
          "resolved": "https://registry.npmjs.org/is-extglob/-/is-extglob-1.0.0.tgz"
        }
      }
    },
    "filename-regex": {
      "version": "2.0.0",
      "from": "filename-regex@>=2.0.0 <3.0.0",
      "resolved": "https://registry.npmjs.org/filename-regex/-/filename-regex-2.0.0.tgz"
    },
    "fill-range": {
      "version": "2.2.3",
      "from": "fill-range@>=2.1.0 <3.0.0",
      "resolved": "https://registry.npmjs.org/fill-range/-/fill-range-2.2.3.tgz"
    },
    "first-chunk-stream": {
      "version": "1.0.0",
      "from": "first-chunk-stream@>=1.0.0 <2.0.0",
      "resolved": "https://registry.npmjs.org/first-chunk-stream/-/first-chunk-stream-1.0.0.tgz"
    },
    "for-in": {
      "version": "0.1.6",
      "from": "for-in@>=0.1.5 <0.2.0",
      "resolved": "https://registry.npmjs.org/for-in/-/for-in-0.1.6.tgz"
    },
    "for-own": {
      "version": "0.1.4",
      "from": "for-own@>=0.1.4 <0.2.0",
      "resolved": "https://registry.npmjs.org/for-own/-/for-own-0.1.4.tgz"
    },
    "glob": {
      "version": "5.0.15",
      "from": "glob@>=5.0.3 <6.0.0",
      "resolved": "https://registry.npmjs.org/glob/-/glob-5.0.15.tgz"
    },
    "glob-base": {
      "version": "0.3.0",
      "from": "glob-base@>=0.3.0 <0.4.0",
      "resolved": "https://registry.npmjs.org/glob-base/-/glob-base-0.3.0.tgz",
      "dependencies": {
        "glob-parent": {
          "version": "2.0.0",
          "from": "glob-parent@>=2.0.0 <3.0.0",
          "resolved": "https://registry.npmjs.org/glob-parent/-/glob-parent-2.0.0.tgz"
        },
        "is-extglob": {
          "version": "1.0.0",
          "from": "is-extglob@>=1.0.0 <2.0.0",
          "resolved": "https://registry.npmjs.org/is-extglob/-/is-extglob-1.0.0.tgz"
        },
        "is-glob": {
          "version": "2.0.1",
          "from": "is-glob@>=2.0.0 <3.0.0",
          "resolved": "https://registry.npmjs.org/is-glob/-/is-glob-2.0.1.tgz"
        }
      }
    },
    "glob-parent": {
      "version": "3.0.1",
      "from": "glob-parent@>=3.0.0 <4.0.0",
      "resolved": "https://registry.npmjs.org/glob-parent/-/glob-parent-3.0.1.tgz"
    },
    "glob-stream": {
      "version": "5.3.5",
      "from": "glob-stream@>=5.3.2 <6.0.0",
      "resolved": "https://registry.npmjs.org/glob-stream/-/glob-stream-5.3.5.tgz",
      "dependencies": {
        "isarray": {
          "version": "0.0.1",
          "from": "isarray@0.0.1",
          "resolved": "https://registry.npmjs.org/isarray/-/isarray-0.0.1.tgz"
        },
        "readable-stream": {
          "version": "1.0.34",
          "from": "readable-stream@>=1.0.33-1 <1.1.0-0",
          "resolved": "https://registry.npmjs.org/readable-stream/-/readable-stream-1.0.34.tgz"
        },
        "through2": {
          "version": "0.6.5",
          "from": "through2@>=0.6.0 <0.7.0",
          "resolved": "https://registry.npmjs.org/through2/-/through2-0.6.5.tgz"
        }
      }
    },
    "graceful-fs": {
      "version": "4.1.11",
      "from": "graceful-fs@>=4.0.0 <5.0.0",
      "resolved": "https://registry.npmjs.org/graceful-fs/-/graceful-fs-4.1.11.tgz"
    },
    "growly": {
      "version": "1.3.0",
      "from": "growly@>=1.2.0 <2.0.0",
      "resolved": "https://registry.npmjs.org/growly/-/growly-1.3.0.tgz"
    },
    "gulp-sourcemaps": {
      "version": "1.6.0",
      "from": "gulp-sourcemaps@1.6.0",
      "resolved": "https://registry.npmjs.org/gulp-sourcemaps/-/gulp-sourcemaps-1.6.0.tgz"
    },
    "has-ansi": {
      "version": "2.0.0",
      "from": "has-ansi@>=2.0.0 <3.0.0",
      "resolved": "https://registry.npmjs.org/has-ansi/-/has-ansi-2.0.0.tgz"
    },
    "inflight": {
      "version": "1.0.6",
      "from": "inflight@>=1.0.4 <2.0.0",
      "resolved": "https://registry.npmjs.org/inflight/-/inflight-1.0.6.tgz"
    },
    "inherits": {
      "version": "2.0.3",
      "from": "inherits@>=2.0.1 <3.0.0",
      "resolved": "https://registry.npmjs.org/inherits/-/inherits-2.0.3.tgz"
    },
    "is-buffer": {
      "version": "1.1.4",
      "from": "is-buffer@>=1.0.2 <2.0.0",
      "resolved": "https://registry.npmjs.org/is-buffer/-/is-buffer-1.1.4.tgz"
    },
    "is-dotfile": {
      "version": "1.0.2",
      "from": "is-dotfile@>=1.0.0 <2.0.0",
      "resolved": "https://registry.npmjs.org/is-dotfile/-/is-dotfile-1.0.2.tgz"
    },
    "is-equal-shallow": {
      "version": "0.1.3",
      "from": "is-equal-shallow@>=0.1.3 <0.2.0",
      "resolved": "https://registry.npmjs.org/is-equal-shallow/-/is-equal-shallow-0.1.3.tgz"
    },
    "is-extendable": {
      "version": "0.1.1",
      "from": "is-extendable@>=0.1.1 <0.2.0",
      "resolved": "https://registry.npmjs.org/is-extendable/-/is-extendable-0.1.1.tgz"
    },
    "is-extglob": {
      "version": "2.1.0",
      "from": "is-extglob@>=2.1.0 <3.0.0",
      "resolved": "https://registry.npmjs.org/is-extglob/-/is-extglob-2.1.0.tgz"
    },
    "is-glob": {
      "version": "3.1.0",
      "from": "is-glob@>=3.1.0 <4.0.0",
      "resolved": "https://registry.npmjs.org/is-glob/-/is-glob-3.1.0.tgz"
    },
    "is-number": {
      "version": "2.1.0",
      "from": "is-number@>=2.1.0 <3.0.0",
      "resolved": "https://registry.npmjs.org/is-number/-/is-number-2.1.0.tgz"
    },
    "is-posix-bracket": {
      "version": "0.1.1",
      "from": "is-posix-bracket@>=0.1.0 <0.2.0",
      "resolved": "https://registry.npmjs.org/is-posix-bracket/-/is-posix-bracket-0.1.1.tgz"
    },
    "is-primitive": {
      "version": "2.0.0",
      "from": "is-primitive@>=2.0.0 <3.0.0",
      "resolved": "https://registry.npmjs.org/is-primitive/-/is-primitive-2.0.0.tgz"
    },
    "is-stream": {
      "version": "1.1.0",
      "from": "is-stream@>=1.0.1 <2.0.0",
      "resolved": "https://registry.npmjs.org/is-stream/-/is-stream-1.1.0.tgz"
    },
    "is-utf8": {
      "version": "0.2.1",
      "from": "is-utf8@>=0.2.0 <0.3.0",
      "resolved": "https://registry.npmjs.org/is-utf8/-/is-utf8-0.2.1.tgz"
    },
    "is-valid-glob": {
      "version": "0.3.0",
      "from": "is-valid-glob@>=0.3.0 <0.4.0",
      "resolved": "https://registry.npmjs.org/is-valid-glob/-/is-valid-glob-0.3.0.tgz"
    },
    "isarray": {
      "version": "1.0.0",
      "from": "isarray@>=1.0.0 <1.1.0",
      "resolved": "https://registry.npmjs.org/isarray/-/isarray-1.0.0.tgz"
    },
    "isexe": {
      "version": "1.1.2",
      "from": "isexe@>=1.1.1 <2.0.0",
      "resolved": "https://registry.npmjs.org/isexe/-/isexe-1.1.2.tgz"
    },
    "isobject": {
      "version": "2.1.0",
      "from": "isobject@>=2.0.0 <3.0.0",
      "resolved": "https://registry.npmjs.org/isobject/-/isobject-2.1.0.tgz"
    },
    "json-stable-stringify": {
      "version": "1.0.1",
      "from": "json-stable-stringify@>=1.0.0 <2.0.0",
      "resolved": "https://registry.npmjs.org/json-stable-stringify/-/json-stable-stringify-1.0.1.tgz"
    },
    "jsonify": {
      "version": "0.0.0",
      "from": "jsonify@>=0.0.0 <0.1.0",
      "resolved": "https://registry.npmjs.org/jsonify/-/jsonify-0.0.0.tgz"
    },
    "kind-of": {
      "version": "3.1.0",
      "from": "kind-of@>=3.0.2 <4.0.0",
      "resolved": "https://registry.npmjs.org/kind-of/-/kind-of-3.1.0.tgz"
    },
    "lazystream": {
      "version": "1.0.0",
      "from": "lazystream@>=1.0.0 <2.0.0",
      "resolved": "https://registry.npmjs.org/lazystream/-/lazystream-1.0.0.tgz"
    },
    "lodash._arraycopy": {
      "version": "3.0.0",
      "from": "lodash._arraycopy@>=3.0.0 <4.0.0",
      "resolved": "https://registry.npmjs.org/lodash._arraycopy/-/lodash._arraycopy-3.0.0.tgz"
    },
    "lodash._arrayeach": {
      "version": "3.0.0",
      "from": "lodash._arrayeach@>=3.0.0 <4.0.0",
      "resolved": "https://registry.npmjs.org/lodash._arrayeach/-/lodash._arrayeach-3.0.0.tgz"
    },
    "lodash._baseassign": {
      "version": "3.2.0",
      "from": "lodash._baseassign@>=3.0.0 <4.0.0",
      "resolved": "https://registry.npmjs.org/lodash._baseassign/-/lodash._baseassign-3.2.0.tgz"
    },
    "lodash._baseclone": {
      "version": "3.3.0",
      "from": "lodash._baseclone@>=3.0.0 <4.0.0",
      "resolved": "https://registry.npmjs.org/lodash._baseclone/-/lodash._baseclone-3.3.0.tgz"
    },
    "lodash._basecopy": {
      "version": "3.0.1",
      "from": "lodash._basecopy@>=3.0.0 <4.0.0",
      "resolved": "https://registry.npmjs.org/lodash._basecopy/-/lodash._basecopy-3.0.1.tgz"
    },
    "lodash._basefor": {
      "version": "3.0.3",
      "from": "lodash._basefor@>=3.0.0 <4.0.0",
      "resolved": "https://registry.npmjs.org/lodash._basefor/-/lodash._basefor-3.0.3.tgz"
    },
    "lodash._bindcallback": {
      "version": "3.0.1",
      "from": "lodash._bindcallback@>=3.0.0 <4.0.0",
      "resolved": "https://registry.npmjs.org/lodash._bindcallback/-/lodash._bindcallback-3.0.1.tgz"
    },
    "lodash._getnative": {
      "version": "3.9.1",
      "from": "lodash._getnative@>=3.0.0 <4.0.0",
      "resolved": "https://registry.npmjs.org/lodash._getnative/-/lodash._getnative-3.9.1.tgz"
    },
    "lodash.assign": {
      "version": "4.2.0",
      "from": "lodash.assign@>=4.2.0 <5.0.0",
      "resolved": "https://registry.npmjs.org/lodash.assign/-/lodash.assign-4.2.0.tgz"
    },
    "lodash.clonedeep": {
      "version": "3.0.2",
      "from": "lodash.clonedeep@>=3.0.0 <4.0.0",
      "resolved": "https://registry.npmjs.org/lodash.clonedeep/-/lodash.clonedeep-3.0.2.tgz"
    },
    "lodash.isarguments": {
      "version": "3.1.0",
      "from": "lodash.isarguments@>=3.0.0 <4.0.0",
      "resolved": "https://registry.npmjs.org/lodash.isarguments/-/lodash.isarguments-3.1.0.tgz"
    },
    "lodash.isarray": {
      "version": "3.0.4",
      "from": "lodash.isarray@>=3.0.0 <4.0.0",
      "resolved": "https://registry.npmjs.org/lodash.isarray/-/lodash.isarray-3.0.4.tgz"
    },
    "lodash.isequal": {
      "version": "4.4.0",
      "from": "lodash.isequal@>=4.0.0 <5.0.0",
      "resolved": "https://registry.npmjs.org/lodash.isequal/-/lodash.isequal-4.4.0.tgz"
    },
    "lodash.keys": {
      "version": "3.1.2",
      "from": "lodash.keys@>=3.0.0 <4.0.0",
      "resolved": "https://registry.npmjs.org/lodash.keys/-/lodash.keys-3.1.2.tgz"
    },
    "marked": {
      "version": "0.3.6",
      "from": "marked@>=0.3.6 <0.4.0",
      "resolved": "https://registry.npmjs.org/marked/-/marked-0.3.6.tgz"
    },
    "marked-terminal": {
      "version": "1.7.0",
      "from": "marked-terminal@>=1.6.2 <2.0.0",
      "resolved": "https://registry.npmjs.org/marked-terminal/-/marked-terminal-1.7.0.tgz"
    },
    "merge-stream": {
      "version": "1.0.1",
      "from": "merge-stream@>=1.0.0 <2.0.0",
      "resolved": "https://registry.npmjs.org/merge-stream/-/merge-stream-1.0.1.tgz"
    },
    "micromatch": {
      "version": "2.3.11",
      "from": "micromatch@>=2.3.7 <3.0.0",
      "resolved": "https://registry.npmjs.org/micromatch/-/micromatch-2.3.11.tgz",
      "dependencies": {
        "is-extglob": {
          "version": "1.0.0",
          "from": "is-extglob@>=1.0.0 <2.0.0",
          "resolved": "https://registry.npmjs.org/is-extglob/-/is-extglob-1.0.0.tgz"
        },
        "is-glob": {
          "version": "2.0.1",
          "from": "is-glob@>=2.0.1 <3.0.0",
          "resolved": "https://registry.npmjs.org/is-glob/-/is-glob-2.0.1.tgz"
        }
      }
    },
    "minimatch": {
      "version": "3.0.3",
      "from": "minimatch@>=2.0.0 <3.0.0||>=3.0.0 <4.0.0",
      "resolved": "https://registry.npmjs.org/minimatch/-/minimatch-3.0.3.tgz"
    },
    "minimist": {
      "version": "1.2.0",
      "from": "minimist@>=1.1.1 <2.0.0",
      "resolved": "https://registry.npmjs.org/minimist/-/minimist-1.2.0.tgz"
    },
    "mkdirp": {
      "version": "0.5.1",
      "from": "mkdirp@>=0.5.0 <0.6.0",
      "resolved": "https://registry.npmjs.org/mkdirp/-/mkdirp-0.5.1.tgz",
      "dependencies": {
        "minimist": {
          "version": "0.0.8",
          "from": "minimist@0.0.8",
          "resolved": "https://registry.npmjs.org/minimist/-/minimist-0.0.8.tgz"
        }
      }
    },
    "node-emoji": {
      "version": "1.4.3",
      "from": "node-emoji@>=1.4.1 <2.0.0",
      "resolved": "https://registry.npmjs.org/node-emoji/-/node-emoji-1.4.3.tgz"
    },
    "node-notifier": {
      "version": "4.6.1",
      "from": "node-notifier@latest",
      "resolved": "https://registry.npmjs.org/node-notifier/-/node-notifier-4.6.1.tgz"
    },
    "normalize-path": {
      "version": "2.0.1",
      "from": "normalize-path@>=2.0.1 <3.0.0",
      "resolved": "https://registry.npmjs.org/normalize-path/-/normalize-path-2.0.1.tgz"
    },
    "object-assign": {
      "version": "4.1.0",
      "from": "object-assign@>=4.0.0 <5.0.0",
      "resolved": "https://registry.npmjs.org/object-assign/-/object-assign-4.1.0.tgz"
    },
    "object.omit": {
      "version": "2.0.1",
      "from": "object.omit@>=2.0.0 <3.0.0",
      "resolved": "https://registry.npmjs.org/object.omit/-/object.omit-2.0.1.tgz"
    },
    "once": {
      "version": "1.3.3",
      "from": "once@>=1.3.0 <1.4.0",
      "resolved": "https://registry.npmjs.org/once/-/once-1.3.3.tgz"
    },
    "ordered-read-streams": {
      "version": "0.3.0",
      "from": "ordered-read-streams@>=0.3.0 <0.4.0",
      "resolved": "https://registry.npmjs.org/ordered-read-streams/-/ordered-read-streams-0.3.0.tgz"
    },
    "parse-glob": {
      "version": "3.0.4",
      "from": "parse-glob@>=3.0.4 <4.0.0",
      "resolved": "https://registry.npmjs.org/parse-glob/-/parse-glob-3.0.4.tgz",
      "dependencies": {
        "is-extglob": {
          "version": "1.0.0",
          "from": "is-extglob@>=1.0.0 <2.0.0",
          "resolved": "https://registry.npmjs.org/is-extglob/-/is-extglob-1.0.0.tgz"
        },
        "is-glob": {
          "version": "2.0.1",
          "from": "is-glob@>=2.0.0 <3.0.0",
          "resolved": "https://registry.npmjs.org/is-glob/-/is-glob-2.0.1.tgz"
        }
      }
    },
    "path-dirname": {
      "version": "1.0.2",
      "from": "path-dirname@>=1.0.0 <2.0.0",
      "resolved": "https://registry.npmjs.org/path-dirname/-/path-dirname-1.0.2.tgz"
    },
    "path-is-absolute": {
      "version": "1.0.1",
      "from": "path-is-absolute@>=1.0.0 <2.0.0",
      "resolved": "https://registry.npmjs.org/path-is-absolute/-/path-is-absolute-1.0.1.tgz"
    },
    "preserve": {
      "version": "0.2.0",
      "from": "preserve@>=0.2.0 <0.3.0",
      "resolved": "https://registry.npmjs.org/preserve/-/preserve-0.2.0.tgz"
    },
    "process-nextick-args": {
      "version": "1.0.7",
      "from": "process-nextick-args@>=1.0.6 <1.1.0",
      "resolved": "https://registry.npmjs.org/process-nextick-args/-/process-nextick-args-1.0.7.tgz"
    },
    "randomatic": {
      "version": "1.1.6",
      "from": "randomatic@>=1.1.3 <2.0.0",
      "resolved": "https://registry.npmjs.org/randomatic/-/randomatic-1.1.6.tgz"
    },
    "readable-stream": {
      "version": "2.2.2",
      "from": "readable-stream@>=2.0.4 <3.0.0",
      "resolved": "https://registry.npmjs.org/readable-stream/-/readable-stream-2.2.2.tgz"
    },
    "redeyed": {
      "version": "1.0.1",
      "from": "redeyed@>=1.0.0 <1.1.0",
      "resolved": "https://registry.npmjs.org/redeyed/-/redeyed-1.0.1.tgz"
    },
    "regex-cache": {
      "version": "0.4.3",
      "from": "regex-cache@>=0.4.2 <0.5.0",
      "resolved": "https://registry.npmjs.org/regex-cache/-/regex-cache-0.4.3.tgz"
    },
    "repeat-element": {
      "version": "1.1.2",
      "from": "repeat-element@>=1.1.2 <2.0.0",
      "resolved": "https://registry.npmjs.org/repeat-element/-/repeat-element-1.1.2.tgz"
    },
    "repeat-string": {
      "version": "1.6.1",
      "from": "repeat-string@>=1.5.2 <2.0.0",
      "resolved": "https://registry.npmjs.org/repeat-string/-/repeat-string-1.6.1.tgz"
    },
    "replace-ext": {
      "version": "0.0.1",
      "from": "replace-ext@0.0.1",
      "resolved": "https://registry.npmjs.org/replace-ext/-/replace-ext-0.0.1.tgz"
    },
    "semver": {
      "version": "5.3.0",
      "from": "semver@>=5.1.0 <6.0.0",
      "resolved": "https://registry.npmjs.org/semver/-/semver-5.3.0.tgz"
    },
    "shellwords": {
      "version": "0.1.0",
      "from": "shellwords@>=0.1.0 <0.2.0",
      "resolved": "https://registry.npmjs.org/shellwords/-/shellwords-0.1.0.tgz"
    },
    "stream-shift": {
      "version": "1.0.0",
      "from": "stream-shift@>=1.0.0 <2.0.0",
      "resolved": "https://registry.npmjs.org/stream-shift/-/stream-shift-1.0.0.tgz"
    },
    "string_decoder": {
      "version": "0.10.31",
      "from": "string_decoder@>=0.10.0 <0.11.0",
      "resolved": "https://registry.npmjs.org/string_decoder/-/string_decoder-0.10.31.tgz"
    },
    "string.prototype.codepointat": {
      "version": "0.2.0",
      "from": "string.prototype.codepointat@>=0.2.0 <0.3.0",
      "resolved": "https://registry.npmjs.org/string.prototype.codepointat/-/string.prototype.codepointat-0.2.0.tgz"
    },
    "strip-ansi": {
      "version": "3.0.1",
      "from": "strip-ansi@>=3.0.0 <4.0.0",
      "resolved": "https://registry.npmjs.org/strip-ansi/-/strip-ansi-3.0.1.tgz"
    },
    "strip-bom": {
      "version": "2.0.0",
      "from": "strip-bom@>=2.0.0 <3.0.0",
      "resolved": "https://registry.npmjs.org/strip-bom/-/strip-bom-2.0.0.tgz"
    },
    "strip-bom-stream": {
      "version": "1.0.0",
      "from": "strip-bom-stream@>=1.0.0 <2.0.0",
      "resolved": "https://registry.npmjs.org/strip-bom-stream/-/strip-bom-stream-1.0.0.tgz"
    },
    "supports-color": {
      "version": "2.0.0",
      "from": "supports-color@>=2.0.0 <3.0.0",
      "resolved": "https://registry.npmjs.org/supports-color/-/supports-color-2.0.0.tgz"
    },
    "through2": {
      "version": "2.0.3",
      "from": "through2@>=2.0.0 <3.0.0",
      "resolved": "https://registry.npmjs.org/through2/-/through2-2.0.3.tgz"
    },
    "through2-filter": {
      "version": "2.0.0",
      "from": "through2-filter@>=2.0.0 <3.0.0",
      "resolved": "https://registry.npmjs.org/through2-filter/-/through2-filter-2.0.0.tgz"
    },
    "to-absolute-glob": {
      "version": "0.1.1",
      "from": "to-absolute-glob@>=0.1.1 <0.2.0",
      "resolved": "https://registry.npmjs.org/to-absolute-glob/-/to-absolute-glob-0.1.1.tgz"
    },
    "unique-stream": {
      "version": "2.2.1",
      "from": "unique-stream@>=2.0.2 <3.0.0",
      "resolved": "https://registry.npmjs.org/unique-stream/-/unique-stream-2.2.1.tgz"
    },
    "util-deprecate": {
      "version": "1.0.2",
      "from": "util-deprecate@>=1.0.1 <1.1.0",
      "resolved": "https://registry.npmjs.org/util-deprecate/-/util-deprecate-1.0.2.tgz"
    },
    "vali-date": {
      "version": "1.0.0",
      "from": "vali-date@>=1.0.0 <2.0.0",
      "resolved": "https://registry.npmjs.org/vali-date/-/vali-date-1.0.0.tgz"
    },
    "vinyl": {
      "version": "1.2.0",
      "from": "vinyl@>=1.0.0 <2.0.0",
      "resolved": "https://registry.npmjs.org/vinyl/-/vinyl-1.2.0.tgz"
    },
    "vinyl-fs": {
      "version": "2.4.4",
      "from": "vinyl-fs@latest",
      "resolved": "https://registry.npmjs.org/vinyl-fs/-/vinyl-fs-2.4.4.tgz"
    },
    "which": {
      "version": "1.2.12",
      "from": "which@>=1.0.5 <2.0.0",
      "resolved": "https://registry.npmjs.org/which/-/which-1.2.12.tgz"
    },
    "wrappy": {
      "version": "1.0.2",
      "from": "wrappy@>=1.0.0 <2.0.0",
      "resolved": "https://registry.npmjs.org/wrappy/-/wrappy-1.0.2.tgz"
    },
    "xtend": {
      "version": "4.0.1",
      "from": "xtend@>=4.0.0 <4.1.0-0",
      "resolved": "https://registry.npmjs.org/xtend/-/xtend-4.0.1.tgz"
    }
  }
}
